// !$*UTF8*$!
{
	archiveVersion = 1;
	classes = {
	};
	objectVersion = 51;
	objects = {

/* Begin PBXBuildFile section */
		1713BB672511FDBB0029F70C /* SpecialLayerTableViewController.swift in Sources */ = {isa = PBXBuildFile; fileRef = 1713BB662511FDBB0029F70C /* SpecialLayerTableViewController.swift */; };
		1713BB692511FE3B0029F70C /* ShapeLayerViewController.swift in Sources */ = {isa = PBXBuildFile; fileRef = 1713BB682511FE3B0029F70C /* ShapeLayerViewController.swift */; };
		1713BB6B2511FEA30029F70C /* Config.swift in Sources */ = {isa = PBXBuildFile; fileRef = 1713BB6A2511FEA30029F70C /* Config.swift */; };
		1713BB6D2512186C0029F70C /* TextLayerViewController.swift in Sources */ = {isa = PBXBuildFile; fileRef = 1713BB6C2512186C0029F70C /* TextLayerViewController.swift */; };
		17A259CD2511C0AA007F0773 /* Transform3DViewController.swift in Sources */ = {isa = PBXBuildFile; fileRef = 17A259CC2511C0AA007F0773 /* Transform3DViewController.swift */; };
		17A259D12511E214007F0773 /* SolidObjectViewController.swift in Sources */ = {isa = PBXBuildFile; fileRef = 17A259D02511E214007F0773 /* SolidObjectViewController.swift */; };
		17A259D32511FB36007F0773 /* BaseTableViewController.swift in Sources */ = {isa = PBXBuildFile; fileRef = 17A259D22511FB36007F0773 /* BaseTableViewController.swift */; };
		17A259D52511FBC6007F0773 /* TransFormTableViewController.swift in Sources */ = {isa = PBXBuildFile; fileRef = 17A259D42511FBC6007F0773 /* TransFormTableViewController.swift */; };
		17BAFE12251063C6001A4C85 /* AppDelegate.swift in Sources */ = {isa = PBXBuildFile; fileRef = 17BAFE11251063C6001A4C85 /* AppDelegate.swift */; };
		17BAFE19251063C6001A4C85 /* Main.storyboard in Resources */ = {isa = PBXBuildFile; fileRef = 17BAFE17251063C6001A4C85 /* Main.storyboard */; };
		17BAFE1B251063C7001A4C85 /* Assets.xcassets in Resources */ = {isa = PBXBuildFile; fileRef = 17BAFE1A251063C7001A4C85 /* Assets.xcassets */; };
		17BAFE1E251063C7001A4C85 /* LaunchScreen.storyboard in Resources */ = {isa = PBXBuildFile; fileRef = 17BAFE1C251063C7001A4C85 /* LaunchScreen.storyboard */; };
		17BAFE2825107283001A4C85 /* CoreAnimateTableViewController.swift in Sources */ = {isa = PBXBuildFile; fileRef = 17BAFE2725107283001A4C85 /* CoreAnimateTableViewController.swift */; };
		17BAFE2A251092E9001A4C85 /* TimerViewController.swift in Sources */ = {isa = PBXBuildFile; fileRef = 17BAFE29251092E9001A4C85 /* TimerViewController.swift */; };
		17BAFE2C251095A8001A4C85 /* BaseViewController.swift in Sources */ = {isa = PBXBuildFile; fileRef = 17BAFE2B251095A8001A4C85 /* BaseViewController.swift */; };
		17BAFE3025109B31001A4C85 /* HitTestViewController.swift in Sources */ = {isa = PBXBuildFile; fileRef = 17BAFE2F25109B31001A4C85 /* HitTestViewController.swift */; };
		17BAFE3225109D19001A4C85 /* CornerRadiusViewController.swift in Sources */ = {isa = PBXBuildFile; fileRef = 17BAFE3125109D19001A4C85 /* CornerRadiusViewController.swift */; };
		17BAFE3425109F7A001A4C85 /* NSObject+Extension.swift in Sources */ = {isa = PBXBuildFile; fileRef = 17BAFE3325109F7A001A4C85 /* NSObject+Extension.swift */; };
		17BAFE3625109FB1001A4C85 /* Func.swift in Sources */ = {isa = PBXBuildFile; fileRef = 17BAFE3525109FB1001A4C85 /* Func.swift */; };
		17BAFE382510A158001A4C85 /* Proxy.swift in Sources */ = {isa = PBXBuildFile; fileRef = 17BAFE372510A158001A4C85 /* Proxy.swift */; };
		17BAFE3A2510A1CB001A4C85 /* LayerFrameViewController.swift in Sources */ = {isa = PBXBuildFile; fileRef = 17BAFE392510A1CB001A4C85 /* LayerFrameViewController.swift */; };
		17BAFE3C2510A496001A4C85 /* ShadowViewController.swift in Sources */ = {isa = PBXBuildFile; fileRef = 17BAFE3B2510A496001A4C85 /* ShadowViewController.swift */; };
		17BAFE3E2510B746001A4C85 /* ShadowPathViewController.swift in Sources */ = {isa = PBXBuildFile; fileRef = 17BAFE3D2510B746001A4C85 /* ShadowPathViewController.swift */; };
		17BAFE402510B90F001A4C85 /* LayermaskViewController.swift in Sources */ = {isa = PBXBuildFile; fileRef = 17BAFE3F2510B90F001A4C85 /* LayermaskViewController.swift */; };
		17BAFE422510BE18001A4C85 /* TensilefilterViewController.swift in Sources */ = {isa = PBXBuildFile; fileRef = 17BAFE412510BE18001A4C85 /* TensilefilterViewController.swift */; };
		17BAFE442510CD2B001A4C85 /* GroupOfTransparentViewController.swift in Sources */ = {isa = PBXBuildFile; fileRef = 17BAFE432510CD2B001A4C85 /* GroupOfTransparentViewController.swift */; };
		17DF6A092511BAAD00362FD8 /* TransformViewController.swift in Sources */ = {isa = PBXBuildFile; fileRef = 17DF6A082511BAAD00362FD8 /* TransformViewController.swift */; };
		4BAF7C4B2515DA530013DDEF /* ReplicatorLayerViewController.swift in Sources */ = {isa = PBXBuildFile; fileRef = 4BAF7C4A2515DA530013DDEF /* ReplicatorLayerViewController.swift */; };
		FE0C40AA251E026F001F7E51 /* HierarchicalTimeViewController.swift in Sources */ = {isa = PBXBuildFile; fileRef = FE0C40A9251E026F001F7E51 /* HierarchicalTimeViewController.swift */; };
		FE0D0BDD2519AB6A0074A269 /* AVPlayerLayerViewController.swift in Sources */ = {isa = PBXBuildFile; fileRef = FE0D0BDC2519AB6A0074A269 /* AVPlayerLayerViewController.swift */; };
		FE0D0BE82519CAA80074A269 /* 1111.MP4 in Resources */ = {isa = PBXBuildFile; fileRef = FE0D0BE72519CAA80074A269 /* 1111.MP4 */; };
		FE0D0BEC2519CE380074A269 /* ImplicitAnimationTableViewController.swift in Sources */ = {isa = PBXBuildFile; fileRef = FE0D0BEB2519CE380074A269 /* ImplicitAnimationTableViewController.swift */; };
		FE0D0BF02519CE8A0074A269 /* TransactionViewController.swift in Sources */ = {isa = PBXBuildFile; fileRef = FE0D0BEF2519CE8A0074A269 /* TransactionViewController.swift */; };
		FE0D0BF32519D9D10074A269 /* CompleteBlockViewController.swift in Sources */ = {isa = PBXBuildFile; fileRef = FE0D0BF22519D9D10074A269 /* CompleteBlockViewController.swift */; };
		FE0D0BF62519DB8A0074A269 /* LayerBehaviorViewController.swift in Sources */ = {isa = PBXBuildFile; fileRef = FE0D0BF52519DB8A0074A269 /* LayerBehaviorViewController.swift */; };
		FE0D0BF92519DF3B0074A269 /* PresentationModelViewController.swift in Sources */ = {isa = PBXBuildFile; fileRef = FE0D0BF82519DF3B0074A269 /* PresentationModelViewController.swift */; };
		FE17D4002519E60A007F5E7A /* ExplicitAnimationTableViewController.swift in Sources */ = {isa = PBXBuildFile; fileRef = FE17D3FF2519E60A007F5E7A /* ExplicitAnimationTableViewController.swift */; };
		FE17D4042519E635007F5E7A /* AttributeAnimationViewController.swift in Sources */ = {isa = PBXBuildFile; fileRef = FE17D4032519E635007F5E7A /* AttributeAnimationViewController.swift */; };
		FE17D41F251A0320007F5E7A /* AnimationGroupViewController.swift in Sources */ = {isa = PBXBuildFile; fileRef = FE17D41E251A0320007F5E7A /* AnimationGroupViewController.swift */; };
		FE3731EB2518A49A00185235 /* EmitterLayerViewController.swift in Sources */ = {isa = PBXBuildFile; fileRef = FE3731EA2518A49A00185235 /* EmitterLayerViewController.swift */; };
		FE4A91C5252035E2009B0991 /* ManualAnimationViewController.swift in Sources */ = {isa = PBXBuildFile; fileRef = FE4A91C4252035E2009B0991 /* ManualAnimationViewController.swift */; };
		FE734FD32518AFAC00DD3585 /* EAGLLayerViewController.swift in Sources */ = {isa = PBXBuildFile; fileRef = FE734FD22518AFAC00DD3585 /* EAGLLayerViewController.swift */; };
		FE78DF762514629E0079CD29 /* LayerLabel.swift in Sources */ = {isa = PBXBuildFile; fileRef = FE78DF752514629E0079CD29 /* LayerLabel.swift */; };
		FE910FC025186D60008538E5 /* ScrollLayerViewController.swift in Sources */ = {isa = PBXBuildFile; fileRef = FE910FBF25186D60008538E5 /* ScrollLayerViewController.swift */; };
		FE910FC4251874A9008538E5 /* TiledLayerViewController.swift in Sources */ = {isa = PBXBuildFile; fileRef = FE910FC3251874A9008538E5 /* TiledLayerViewController.swift */; };
		FEC32359251487FA0036846D /* TransformLayerViewCtrl.swift in Sources */ = {isa = PBXBuildFile; fileRef = FEC32358251487FA0036846D /* TransformLayerViewCtrl.swift */; };
		FEC3235C2514891C0036846D /* GradientLayerViewCtrl.swift in Sources */ = {isa = PBXBuildFile; fileRef = FEC3235B2514891C0036846D /* GradientLayerViewCtrl.swift */; };
		FEC5AF8A251AEB1E002E9766 /* TransitionViewController.swift in Sources */ = {isa = PBXBuildFile; fileRef = FEC5AF89251AEB1E002E9766 /* TransitionViewController.swift */; };
		FEE52973251C38BA002A3C7E /* CancelAnimationViewController.swift in Sources */ = {isa = PBXBuildFile; fileRef = FEE52972251C38BA002A3C7E /* CancelAnimationViewController.swift */; };
		FEE52977251C3EF1002A3C7E /* LayerTimeTableViewController.swift in Sources */ = {isa = PBXBuildFile; fileRef = FEE52976251C3EF1002A3C7E /* LayerTimeTableViewController.swift */; };
		FEE5297B251C3F3C002A3C7E /* CAMediaTimingViewController.swift in Sources */ = {isa = PBXBuildFile; fileRef = FEE5297A251C3F3C002A3C7E /* CAMediaTimingViewController.swift */; };
/* End PBXBuildFile section */

/* Begin PBXFileReference section */
		1713BB662511FDBB0029F70C /* SpecialLayerTableViewController.swift */ = {isa = PBXFileReference; lastKnownFileType = sourcecode.swift; path = SpecialLayerTableViewController.swift; sourceTree = "<group>"; };
		1713BB682511FE3B0029F70C /* ShapeLayerViewController.swift */ = {isa = PBXFileReference; lastKnownFileType = sourcecode.swift; path = ShapeLayerViewController.swift; sourceTree = "<group>"; };
		1713BB6A2511FEA30029F70C /* Config.swift */ = {isa = PBXFileReference; lastKnownFileType = sourcecode.swift; path = Config.swift; sourceTree = "<group>"; };
		1713BB6C2512186C0029F70C /* TextLayerViewController.swift */ = {isa = PBXFileReference; lastKnownFileType = sourcecode.swift; path = TextLayerViewController.swift; sourceTree = "<group>"; };
		17A259CC2511C0AA007F0773 /* Transform3DViewController.swift */ = {isa = PBXFileReference; lastKnownFileType = sourcecode.swift; path = Transform3DViewController.swift; sourceTree = "<group>"; };
		17A259D02511E214007F0773 /* SolidObjectViewController.swift */ = {isa = PBXFileReference; lastKnownFileType = sourcecode.swift; path = SolidObjectViewController.swift; sourceTree = "<group>"; };
		17A259D22511FB36007F0773 /* BaseTableViewController.swift */ = {isa = PBXFileReference; lastKnownFileType = sourcecode.swift; path = BaseTableViewController.swift; sourceTree = "<group>"; };
		17A259D42511FBC6007F0773 /* TransFormTableViewController.swift */ = {isa = PBXFileReference; lastKnownFileType = sourcecode.swift; path = TransFormTableViewController.swift; sourceTree = "<group>"; };
		17BAFE0E251063C6001A4C85 /* CoreAnimate.app */ = {isa = PBXFileReference; explicitFileType = wrapper.application; includeInIndex = 0; path = CoreAnimate.app; sourceTree = BUILT_PRODUCTS_DIR; };
		17BAFE11251063C6001A4C85 /* AppDelegate.swift */ = {isa = PBXFileReference; lastKnownFileType = sourcecode.swift; path = AppDelegate.swift; sourceTree = "<group>"; };
		17BAFE18251063C6001A4C85 /* Base */ = {isa = PBXFileReference; lastKnownFileType = file.storyboard; name = Base; path = Base.lproj/Main.storyboard; sourceTree = "<group>"; };
		17BAFE1A251063C7001A4C85 /* Assets.xcassets */ = {isa = PBXFileReference; lastKnownFileType = folder.assetcatalog; path = Assets.xcassets; sourceTree = "<group>"; };
		17BAFE1D251063C7001A4C85 /* Base */ = {isa = PBXFileReference; lastKnownFileType = file.storyboard; name = Base; path = Base.lproj/LaunchScreen.storyboard; sourceTree = "<group>"; };
		17BAFE1F251063C7001A4C85 /* Info.plist */ = {isa = PBXFileReference; lastKnownFileType = text.plist.xml; path = Info.plist; sourceTree = "<group>"; };
		17BAFE2725107283001A4C85 /* CoreAnimateTableViewController.swift */ = {isa = PBXFileReference; lastKnownFileType = sourcecode.swift; path = CoreAnimateTableViewController.swift; sourceTree = "<group>"; };
		17BAFE29251092E9001A4C85 /* TimerViewController.swift */ = {isa = PBXFileReference; lastKnownFileType = sourcecode.swift; path = TimerViewController.swift; sourceTree = "<group>"; };
		17BAFE2B251095A8001A4C85 /* BaseViewController.swift */ = {isa = PBXFileReference; lastKnownFileType = sourcecode.swift; path = BaseViewController.swift; sourceTree = "<group>"; };
		17BAFE2F25109B31001A4C85 /* HitTestViewController.swift */ = {isa = PBXFileReference; lastKnownFileType = sourcecode.swift; path = HitTestViewController.swift; sourceTree = "<group>"; };
		17BAFE3125109D19001A4C85 /* CornerRadiusViewController.swift */ = {isa = PBXFileReference; lastKnownFileType = sourcecode.swift; path = CornerRadiusViewController.swift; sourceTree = "<group>"; };
		17BAFE3325109F7A001A4C85 /* NSObject+Extension.swift */ = {isa = PBXFileReference; lastKnownFileType = sourcecode.swift; path = "NSObject+Extension.swift"; sourceTree = "<group>"; };
		17BAFE3525109FB1001A4C85 /* Func.swift */ = {isa = PBXFileReference; lastKnownFileType = sourcecode.swift; path = Func.swift; sourceTree = "<group>"; };
		17BAFE372510A158001A4C85 /* Proxy.swift */ = {isa = PBXFileReference; lastKnownFileType = sourcecode.swift; path = Proxy.swift; sourceTree = "<group>"; };
		17BAFE392510A1CB001A4C85 /* LayerFrameViewController.swift */ = {isa = PBXFileReference; lastKnownFileType = sourcecode.swift; path = LayerFrameViewController.swift; sourceTree = "<group>"; };
		17BAFE3B2510A496001A4C85 /* ShadowViewController.swift */ = {isa = PBXFileReference; lastKnownFileType = sourcecode.swift; path = ShadowViewController.swift; sourceTree = "<group>"; };
		17BAFE3D2510B746001A4C85 /* ShadowPathViewController.swift */ = {isa = PBXFileReference; lastKnownFileType = sourcecode.swift; path = ShadowPathViewController.swift; sourceTree = "<group>"; };
		17BAFE3F2510B90F001A4C85 /* LayermaskViewController.swift */ = {isa = PBXFileReference; lastKnownFileType = sourcecode.swift; path = LayermaskViewController.swift; sourceTree = "<group>"; };
		17BAFE412510BE18001A4C85 /* TensilefilterViewController.swift */ = {isa = PBXFileReference; lastKnownFileType = sourcecode.swift; path = TensilefilterViewController.swift; sourceTree = "<group>"; };
		17BAFE432510CD2B001A4C85 /* GroupOfTransparentViewController.swift */ = {isa = PBXFileReference; lastKnownFileType = sourcecode.swift; path = GroupOfTransparentViewController.swift; sourceTree = "<group>"; };
		17DF6A082511BAAD00362FD8 /* TransformViewController.swift */ = {isa = PBXFileReference; lastKnownFileType = sourcecode.swift; path = TransformViewController.swift; sourceTree = "<group>"; };
		43A62C880DD43114BBB3935D /* Pods-CoreAnimate.debug.xcconfig */ = {isa = PBXFileReference; includeInIndex = 1; lastKnownFileType = text.xcconfig; name = "Pods-CoreAnimate.debug.xcconfig"; path = "Target Support Files/Pods-CoreAnimate/Pods-CoreAnimate.debug.xcconfig"; sourceTree = "<group>"; };
		490A498E85A8309E271B89EB /* Pods_CoreAnimate.framework */ = {isa = PBXFileReference; explicitFileType = wrapper.framework; includeInIndex = 0; path = Pods_CoreAnimate.framework; sourceTree = BUILT_PRODUCTS_DIR; };
		4B69C3A1401F9FE0B4A1A347 /* Pods-CoreAnimate.release.xcconfig */ = {isa = PBXFileReference; includeInIndex = 1; lastKnownFileType = text.xcconfig; name = "Pods-CoreAnimate.release.xcconfig"; path = "Target Support Files/Pods-CoreAnimate/Pods-CoreAnimate.release.xcconfig"; sourceTree = "<group>"; };
		4BAF7C4A2515DA530013DDEF /* ReplicatorLayerViewController.swift */ = {isa = PBXFileReference; lastKnownFileType = sourcecode.swift; path = ReplicatorLayerViewController.swift; sourceTree = "<group>"; };
		FE0C40A9251E026F001F7E51 /* HierarchicalTimeViewController.swift */ = {isa = PBXFileReference; lastKnownFileType = sourcecode.swift; path = HierarchicalTimeViewController.swift; sourceTree = "<group>"; };
		FE0D0BDC2519AB6A0074A269 /* AVPlayerLayerViewController.swift */ = {isa = PBXFileReference; lastKnownFileType = sourcecode.swift; path = AVPlayerLayerViewController.swift; sourceTree = "<group>"; };
		FE0D0BDF2519ABF40074A269 /* AVFoundation.framework */ = {isa = PBXFileReference; lastKnownFileType = wrapper.framework; name = AVFoundation.framework; path = System/Library/Frameworks/AVFoundation.framework; sourceTree = SDKROOT; };
		FE0D0BE72519CAA80074A269 /* 1111.MP4 */ = {isa = PBXFileReference; lastKnownFileType = file; path = 1111.MP4; sourceTree = "<group>"; };
		FE0D0BEB2519CE380074A269 /* ImplicitAnimationTableViewController.swift */ = {isa = PBXFileReference; lastKnownFileType = sourcecode.swift; path = ImplicitAnimationTableViewController.swift; sourceTree = "<group>"; };
		FE0D0BEF2519CE8A0074A269 /* TransactionViewController.swift */ = {isa = PBXFileReference; lastKnownFileType = sourcecode.swift; path = TransactionViewController.swift; sourceTree = "<group>"; };
		FE0D0BF22519D9D10074A269 /* CompleteBlockViewController.swift */ = {isa = PBXFileReference; lastKnownFileType = sourcecode.swift; path = CompleteBlockViewController.swift; sourceTree = "<group>"; };
		FE0D0BF52519DB8A0074A269 /* LayerBehaviorViewController.swift */ = {isa = PBXFileReference; lastKnownFileType = sourcecode.swift; path = LayerBehaviorViewController.swift; sourceTree = "<group>"; };
		FE0D0BF82519DF3B0074A269 /* PresentationModelViewController.swift */ = {isa = PBXFileReference; lastKnownFileType = sourcecode.swift; path = PresentationModelViewController.swift; sourceTree = "<group>"; };
		FE17D3FF2519E60A007F5E7A /* ExplicitAnimationTableViewController.swift */ = {isa = PBXFileReference; lastKnownFileType = sourcecode.swift; path = ExplicitAnimationTableViewController.swift; sourceTree = "<group>"; };
		FE17D4032519E635007F5E7A /* AttributeAnimationViewController.swift */ = {isa = PBXFileReference; lastKnownFileType = sourcecode.swift; path = AttributeAnimationViewController.swift; sourceTree = "<group>"; };
		FE17D41E251A0320007F5E7A /* AnimationGroupViewController.swift */ = {isa = PBXFileReference; lastKnownFileType = sourcecode.swift; path = AnimationGroupViewController.swift; sourceTree = "<group>"; };
		FE3731EA2518A49A00185235 /* EmitterLayerViewController.swift */ = {isa = PBXFileReference; lastKnownFileType = sourcecode.swift; path = EmitterLayerViewController.swift; sourceTree = "<group>"; };
		FE4A91C4252035E2009B0991 /* ManualAnimationViewController.swift */ = {isa = PBXFileReference; lastKnownFileType = sourcecode.swift; path = ManualAnimationViewController.swift; sourceTree = "<group>"; };
		FE734FD22518AFAC00DD3585 /* EAGLLayerViewController.swift */ = {isa = PBXFileReference; lastKnownFileType = sourcecode.swift; path = EAGLLayerViewController.swift; sourceTree = "<group>"; };
		FE78DF752514629E0079CD29 /* LayerLabel.swift */ = {isa = PBXFileReference; lastKnownFileType = sourcecode.swift; path = LayerLabel.swift; sourceTree = "<group>"; };
		FE910FBF25186D60008538E5 /* ScrollLayerViewController.swift */ = {isa = PBXFileReference; lastKnownFileType = sourcecode.swift; path = ScrollLayerViewController.swift; sourceTree = "<group>"; };
		FE910FC3251874A9008538E5 /* TiledLayerViewController.swift */ = {isa = PBXFileReference; lastKnownFileType = sourcecode.swift; path = TiledLayerViewController.swift; sourceTree = "<group>"; };
		FEC32358251487FA0036846D /* TransformLayerViewCtrl.swift */ = {isa = PBXFileReference; lastKnownFileType = sourcecode.swift; path = TransformLayerViewCtrl.swift; sourceTree = "<group>"; };
		FEC3235B2514891C0036846D /* GradientLayerViewCtrl.swift */ = {isa = PBXFileReference; lastKnownFileType = sourcecode.swift; path = GradientLayerViewCtrl.swift; sourceTree = "<group>"; };
		FEC5AF89251AEB1E002E9766 /* TransitionViewController.swift */ = {isa = PBXFileReference; lastKnownFileType = sourcecode.swift; path = TransitionViewController.swift; sourceTree = "<group>"; };
		FEE52972251C38BA002A3C7E /* CancelAnimationViewController.swift */ = {isa = PBXFileReference; lastKnownFileType = sourcecode.swift; path = CancelAnimationViewController.swift; sourceTree = "<group>"; };
		FEE52976251C3EF1002A3C7E /* LayerTimeTableViewController.swift */ = {isa = PBXFileReference; lastKnownFileType = sourcecode.swift; path = LayerTimeTableViewController.swift; sourceTree = "<group>"; };
		FEE5297A251C3F3C002A3C7E /* CAMediaTimingViewController.swift */ = {isa = PBXFileReference; lastKnownFileType = sourcecode.swift; path = CAMediaTimingViewController.swift; sourceTree = "<group>"; };
/* End PBXFileReference section */

/* Begin PBXFrameworksBuildPhase section */
		17BAFE0B251063C6001A4C85 /* Frameworks */ = {
			isa = PBXFrameworksBuildPhase;
			buildActionMask = 2147483647;
			files = (
			);
			runOnlyForDeploymentPostprocessing = 0;
		};
/* End PBXFrameworksBuildPhase section */

/* Begin PBXGroup section */
		17A259D62511FD75007F0773 /* 专用图层 */ = {
			isa = PBXGroup;
			children = (
				FE78DF752514629E0079CD29 /* LayerLabel.swift */,
				1713BB662511FDBB0029F70C /* SpecialLayerTableViewController.swift */,
				1713BB682511FE3B0029F70C /* ShapeLayerViewController.swift */,
				1713BB6C2512186C0029F70C /* TextLayerViewController.swift */,
				FEC32358251487FA0036846D /* TransformLayerViewCtrl.swift */,
				FEC3235B2514891C0036846D /* GradientLayerViewCtrl.swift */,
				4BAF7C4A2515DA530013DDEF /* ReplicatorLayerViewController.swift */,
				FE910FBF25186D60008538E5 /* ScrollLayerViewController.swift */,
				FE910FC3251874A9008538E5 /* TiledLayerViewController.swift */,
				FE3731EA2518A49A00185235 /* EmitterLayerViewController.swift */,
				FE734FD22518AFAC00DD3585 /* EAGLLayerViewController.swift */,
				FE0D0BDC2519AB6A0074A269 /* AVPlayerLayerViewController.swift */,
			);
			path = "专用图层";
			sourceTree = "<group>";
		};
		17BAFE05251063C6001A4C85 = {
			isa = PBXGroup;
			children = (
				17BAFE10251063C6001A4C85 /* CoreAnimate */,
				67C07F6152E2678C0E2ACEBA /* Pods */,
				6B2C06B1C64926FB2C1E3843 /* Frameworks */,
			);
			sourceTree = "<group>";
		};
		17BAFE0F251063C6001A4C85 /* Products */ = {
			isa = PBXGroup;
			children = (
				17BAFE0E251063C6001A4C85 /* CoreAnimate.app */,
			);
			name = Products;
			path = ..;
			sourceTree = "<group>";
		};
		17BAFE10251063C6001A4C85 /* CoreAnimate */ = {
			isa = PBXGroup;
			children = (
				17DF6A062511B9CF00362FD8 /* Other */,
				17DF6A052511B9C000362FD8 /* Base */,
				17DF6A042511B96E00362FD8 /* 视觉效果 */,
				17DF6A072511BA7B00362FD8 /* 变换 */,
				17A259D62511FD75007F0773 /* 专用图层 */,
				FE0D0BEA2519CDE60074A269 /* 隐式动画 */,
				FE17D3FE2519E508007F5E7A /* 显式动画 */,
				FEE52975251C3ED6002A3C7E /* 图层时间 */,
				17BAFE0F251063C6001A4C85 /* Products */,
			);
			path = CoreAnimate;
			sourceTree = "<group>";
		};
		17DF6A042511B96E00362FD8 /* 视觉效果 */ = {
			isa = PBXGroup;
			children = (
				17BAFE2725107283001A4C85 /* CoreAnimateTableViewController.swift */,
				17BAFE29251092E9001A4C85 /* TimerViewController.swift */,
				17BAFE2F25109B31001A4C85 /* HitTestViewController.swift */,
				17BAFE3125109D19001A4C85 /* CornerRadiusViewController.swift */,
				17BAFE392510A1CB001A4C85 /* LayerFrameViewController.swift */,
				17BAFE3B2510A496001A4C85 /* ShadowViewController.swift */,
				17BAFE3D2510B746001A4C85 /* ShadowPathViewController.swift */,
				17BAFE3F2510B90F001A4C85 /* LayermaskViewController.swift */,
				17BAFE412510BE18001A4C85 /* TensilefilterViewController.swift */,
				17BAFE432510CD2B001A4C85 /* GroupOfTransparentViewController.swift */,
			);
			path = "视觉效果";
			sourceTree = "<group>";
		};
		17DF6A052511B9C000362FD8 /* Base */ = {
			isa = PBXGroup;
			children = (
				17A259D22511FB36007F0773 /* BaseTableViewController.swift */,
				17BAFE11251063C6001A4C85 /* AppDelegate.swift */,
				17BAFE2B251095A8001A4C85 /* BaseViewController.swift */,
			);
			path = Base;
			sourceTree = "<group>";
		};
		17DF6A062511B9CF00362FD8 /* Other */ = {
			isa = PBXGroup;
			children = (
				FE0D0BE72519CAA80074A269 /* 1111.MP4 */,
				17BAFE17251063C6001A4C85 /* Main.storyboard */,
				17BAFE1A251063C7001A4C85 /* Assets.xcassets */,
				17BAFE1C251063C7001A4C85 /* LaunchScreen.storyboard */,
				17BAFE1F251063C7001A4C85 /* Info.plist */,
				17BAFE3325109F7A001A4C85 /* NSObject+Extension.swift */,
				17BAFE3525109FB1001A4C85 /* Func.swift */,
				17BAFE372510A158001A4C85 /* Proxy.swift */,
				1713BB6A2511FEA30029F70C /* Config.swift */,
			);
			path = Other;
			sourceTree = "<group>";
		};
		17DF6A072511BA7B00362FD8 /* 变换 */ = {
			isa = PBXGroup;
			children = (
				17A259D42511FBC6007F0773 /* TransFormTableViewController.swift */,
				17DF6A082511BAAD00362FD8 /* TransformViewController.swift */,
				17A259CC2511C0AA007F0773 /* Transform3DViewController.swift */,
				17A259D02511E214007F0773 /* SolidObjectViewController.swift */,
			);
			path = "变换";
			sourceTree = "<group>";
		};
		67C07F6152E2678C0E2ACEBA /* Pods */ = {
			isa = PBXGroup;
			children = (
				43A62C880DD43114BBB3935D /* Pods-CoreAnimate.debug.xcconfig */,
				4B69C3A1401F9FE0B4A1A347 /* Pods-CoreAnimate.release.xcconfig */,
			);
			path = Pods;
			sourceTree = "<group>";
		};
		6B2C06B1C64926FB2C1E3843 /* Frameworks */ = {
			isa = PBXGroup;
			children = (
				FE0D0BDF2519ABF40074A269 /* AVFoundation.framework */,
				490A498E85A8309E271B89EB /* Pods_CoreAnimate.framework */,
			);
			name = Frameworks;
			sourceTree = "<group>";
		};
		FE0D0BEA2519CDE60074A269 /* 隐式动画 */ = {
			isa = PBXGroup;
			children = (
				FE0D0BEB2519CE380074A269 /* ImplicitAnimationTableViewController.swift */,
				FE0D0BEF2519CE8A0074A269 /* TransactionViewController.swift */,
				FE0D0BF22519D9D10074A269 /* CompleteBlockViewController.swift */,
				FE0D0BF52519DB8A0074A269 /* LayerBehaviorViewController.swift */,
				FE0D0BF82519DF3B0074A269 /* PresentationModelViewController.swift */,
			);
			path = "隐式动画";
			sourceTree = "<group>";
		};
		FE17D3FE2519E508007F5E7A /* 显式动画 */ = {
			isa = PBXGroup;
			children = (
				FE17D3FF2519E60A007F5E7A /* ExplicitAnimationTableViewController.swift */,
				FE17D4032519E635007F5E7A /* AttributeAnimationViewController.swift */,
				FE17D41E251A0320007F5E7A /* AnimationGroupViewController.swift */,
				FEC5AF89251AEB1E002E9766 /* TransitionViewController.swift */,
				FEE52972251C38BA002A3C7E /* CancelAnimationViewController.swift */,
			);
			path = "显式动画";
			sourceTree = "<group>";
		};
		FEE52975251C3ED6002A3C7E /* 图层时间 */ = {
			isa = PBXGroup;
			children = (
				FEE52976251C3EF1002A3C7E /* LayerTimeTableViewController.swift */,
				FEE5297A251C3F3C002A3C7E /* CAMediaTimingViewController.swift */,
				FE0C40A9251E026F001F7E51 /* HierarchicalTimeViewController.swift */,
				FE4A91C4252035E2009B0991 /* ManualAnimationViewController.swift */,
			);
			path = "图层时间";
			sourceTree = "<group>";
		};
/* End PBXGroup section */

/* Begin PBXNativeTarget section */
		17BAFE0D251063C6001A4C85 /* CoreAnimate */ = {
			isa = PBXNativeTarget;
			buildConfigurationList = 17BAFE22251063C7001A4C85 /* Build configuration list for PBXNativeTarget "CoreAnimate" */;
			buildPhases = (
				8820ACCACCA954B4118A49C7 /* [CP] Check Pods Manifest.lock */,
				17BAFE0A251063C6001A4C85 /* Sources */,
				17BAFE0B251063C6001A4C85 /* Frameworks */,
				17BAFE0C251063C6001A4C85 /* Resources */,
				115A3D99270A6C682375B514 /* [CP] Embed Pods Frameworks */,
			);
			buildRules = (
			);
			dependencies = (
			);
			name = CoreAnimate;
			productName = CoreAnimate;
			productReference = 17BAFE0E251063C6001A4C85 /* CoreAnimate.app */;
			productType = "com.apple.product-type.application";
		};
/* End PBXNativeTarget section */

/* Begin PBXProject section */
		17BAFE06251063C6001A4C85 /* Project object */ = {
			isa = PBXProject;
			attributes = {
				LastSwiftUpdateCheck = 1170;
				LastUpgradeCheck = 1170;
				ORGANIZATIONNAME = heiyanmacmini;
				TargetAttributes = {
					17BAFE0D251063C6001A4C85 = {
						CreatedOnToolsVersion = 11.7;
						LastSwiftMigration = 1170;
					};
				};
			};
			buildConfigurationList = 17BAFE09251063C6001A4C85 /* Build configuration list for PBXProject "CoreAnimate" */;
			compatibilityVersion = "Xcode 9.3";
			developmentRegion = en;
			hasScannedForEncodings = 0;
			knownRegions = (
				en,
				Base,
			);
			mainGroup = 17BAFE05251063C6001A4C85;
			productRefGroup = 17BAFE0F251063C6001A4C85 /* Products */;
			projectDirPath = "";
			projectRoot = "";
			targets = (
				17BAFE0D251063C6001A4C85 /* CoreAnimate */,
			);
		};
/* End PBXProject section */

/* Begin PBXResourcesBuildPhase section */
		17BAFE0C251063C6001A4C85 /* Resources */ = {
			isa = PBXResourcesBuildPhase;
			buildActionMask = 2147483647;
			files = (
				17BAFE1E251063C7001A4C85 /* LaunchScreen.storyboard in Resources */,
				17BAFE1B251063C7001A4C85 /* Assets.xcassets in Resources */,
				17BAFE19251063C6001A4C85 /* Main.storyboard in Resources */,
				FE0D0BE82519CAA80074A269 /* 1111.MP4 in Resources */,
			);
			runOnlyForDeploymentPostprocessing = 0;
		};
/* End PBXResourcesBuildPhase section */

/* Begin PBXShellScriptBuildPhase section */
		115A3D99270A6C682375B514 /* [CP] Embed Pods Frameworks */ = {
			isa = PBXShellScriptBuildPhase;
			buildActionMask = 2147483647;
			files = (
			);
			inputFileListPaths = (
				"${PODS_ROOT}/Target Support Files/Pods-CoreAnimate/Pods-CoreAnimate-frameworks-${CONFIGURATION}-input-files.xcfilelist",
			);
			name = "[CP] Embed Pods Frameworks";
			outputFileListPaths = (
				"${PODS_ROOT}/Target Support Files/Pods-CoreAnimate/Pods-CoreAnimate-frameworks-${CONFIGURATION}-output-files.xcfilelist",
			);
			runOnlyForDeploymentPostprocessing = 0;
			shellPath = /bin/sh;
			shellScript = "\"${PODS_ROOT}/Target Support Files/Pods-CoreAnimate/Pods-CoreAnimate-frameworks.sh\"\n";
			showEnvVarsInLog = 0;
		};
		8820ACCACCA954B4118A49C7 /* [CP] Check Pods Manifest.lock */ = {
			isa = PBXShellScriptBuildPhase;
			buildActionMask = 2147483647;
			files = (
			);
			inputFileListPaths = (
			);
			inputPaths = (
				"${PODS_PODFILE_DIR_PATH}/Podfile.lock",
				"${PODS_ROOT}/Manifest.lock",
			);
			name = "[CP] Check Pods Manifest.lock";
			outputFileListPaths = (
			);
			outputPaths = (
				"$(DERIVED_FILE_DIR)/Pods-CoreAnimate-checkManifestLockResult.txt",
			);
			runOnlyForDeploymentPostprocessing = 0;
			shellPath = /bin/sh;
			shellScript = "diff \"${PODS_PODFILE_DIR_PATH}/Podfile.lock\" \"${PODS_ROOT}/Manifest.lock\" > /dev/null\nif [ $? != 0 ] ; then\n    # print error to STDERR\n    echo \"error: The sandbox is not in sync with the Podfile.lock. Run 'pod install' or update your CocoaPods installation.\" >&2\n    exit 1\nfi\n# This output is used by Xcode 'outputs' to avoid re-running this script phase.\necho \"SUCCESS\" > \"${SCRIPT_OUTPUT_FILE_0}\"\n";
			showEnvVarsInLog = 0;
		};
/* End PBXShellScriptBuildPhase section */

/* Begin PBXSourcesBuildPhase section */
		17BAFE0A251063C6001A4C85 /* Sources */ = {
			isa = PBXSourcesBuildPhase;
			buildActionMask = 2147483647;
			files = (
				17BAFE2C251095A8001A4C85 /* BaseViewController.swift in Sources */,
				1713BB692511FE3B0029F70C /* ShapeLayerViewController.swift in Sources */,
				FE3731EB2518A49A00185235 /* EmitterLayerViewController.swift in Sources */,
				FE78DF762514629E0079CD29 /* LayerLabel.swift in Sources */,
				17BAFE3E2510B746001A4C85 /* ShadowPathViewController.swift in Sources */,
				4BAF7C4B2515DA530013DDEF /* ReplicatorLayerViewController.swift in Sources */,
				FEE52973251C38BA002A3C7E /* CancelAnimationViewController.swift in Sources */,
				17A259D32511FB36007F0773 /* BaseTableViewController.swift in Sources */,
				FE0D0BDD2519AB6A0074A269 /* AVPlayerLayerViewController.swift in Sources */,
				17BAFE2A251092E9001A4C85 /* TimerViewController.swift in Sources */,
				FE0D0BF32519D9D10074A269 /* CompleteBlockViewController.swift in Sources */,
				1713BB6B2511FEA30029F70C /* Config.swift in Sources */,
				17BAFE12251063C6001A4C85 /* AppDelegate.swift in Sources */,
				FE0D0BF62519DB8A0074A269 /* LayerBehaviorViewController.swift in Sources */,
				17BAFE442510CD2B001A4C85 /* GroupOfTransparentViewController.swift in Sources */,
				FEC3235C2514891C0036846D /* GradientLayerViewCtrl.swift in Sources */,
				17A259D52511FBC6007F0773 /* TransFormTableViewController.swift in Sources */,
				FEC32359251487FA0036846D /* TransformLayerViewCtrl.swift in Sources */,
				FE0D0BF02519CE8A0074A269 /* TransactionViewController.swift in Sources */,
				FE17D41F251A0320007F5E7A /* AnimationGroupViewController.swift in Sources */,
				FEC5AF8A251AEB1E002E9766 /* TransitionViewController.swift in Sources */,
				1713BB672511FDBB0029F70C /* SpecialLayerTableViewController.swift in Sources */,
				17BAFE3625109FB1001A4C85 /* Func.swift in Sources */,
				FE910FC025186D60008538E5 /* ScrollLayerViewController.swift in Sources */,
				FEE52977251C3EF1002A3C7E /* LayerTimeTableViewController.swift in Sources */,
				17BAFE382510A158001A4C85 /* Proxy.swift in Sources */,
				17BAFE422510BE18001A4C85 /* TensilefilterViewController.swift in Sources */,
				17BAFE3A2510A1CB001A4C85 /* LayerFrameViewController.swift in Sources */,
				17BAFE3C2510A496001A4C85 /* ShadowViewController.swift in Sources */,
				17A259CD2511C0AA007F0773 /* Transform3DViewController.swift in Sources */,
				FE0C40AA251E026F001F7E51 /* HierarchicalTimeViewController.swift in Sources */,
				17BAFE402510B90F001A4C85 /* LayermaskViewController.swift in Sources */,
				FEE5297B251C3F3C002A3C7E /* CAMediaTimingViewController.swift in Sources */,
				FE734FD32518AFAC00DD3585 /* EAGLLayerViewController.swift in Sources */,
				FE17D4042519E635007F5E7A /* AttributeAnimationViewController.swift in Sources */,
				FE0D0BF92519DF3B0074A269 /* PresentationModelViewController.swift in Sources */,
				17BAFE3425109F7A001A4C85 /* NSObject+Extension.swift in Sources */,
				FE910FC4251874A9008538E5 /* TiledLayerViewController.swift in Sources */,
				FE17D4002519E60A007F5E7A /* ExplicitAnimationTableViewController.swift in Sources */,
				17A259D12511E214007F0773 /* SolidObjectViewController.swift in Sources */,
				FE4A91C5252035E2009B0991 /* ManualAnimationViewController.swift in Sources */,
				17BAFE2825107283001A4C85 /* CoreAnimateTableViewController.swift in Sources */,
				FE0D0BEC2519CE380074A269 /* ImplicitAnimationTableViewController.swift in Sources */,
				17DF6A092511BAAD00362FD8 /* TransformViewController.swift in Sources */,
				1713BB6D2512186C0029F70C /* TextLayerViewController.swift in Sources */,
				17BAFE3225109D19001A4C85 /* CornerRadiusViewController.swift in Sources */,
				17BAFE3025109B31001A4C85 /* HitTestViewController.swift in Sources */,
			);
			runOnlyForDeploymentPostprocessing = 0;
		};
/* End PBXSourcesBuildPhase section */

/* Begin PBXVariantGroup section */
		17BAFE17251063C6001A4C85 /* Main.storyboard */ = {
			isa = PBXVariantGroup;
			children = (
				17BAFE18251063C6001A4C85 /* Base */,
			);
			name = Main.storyboard;
			sourceTree = "<group>";
		};
		17BAFE1C251063C7001A4C85 /* LaunchScreen.storyboard */ = {
			isa = PBXVariantGroup;
			children = (
				17BAFE1D251063C7001A4C85 /* Base */,
			);
			name = LaunchScreen.storyboard;
			sourceTree = "<group>";
		};
/* End PBXVariantGroup section */

/* Begin XCBuildConfiguration section */
		17BAFE20251063C7001A4C85 /* Debug */ = {
			isa = XCBuildConfiguration;
			buildSettings = {
				ALWAYS_SEARCH_USER_PATHS = NO;
				CLANG_ANALYZER_LOCALIZABILITY_NONLOCALIZED = YES;
				CLANG_ANALYZER_NONNULL = YES;
				CLANG_ANALYZER_NUMBER_OBJECT_CONVERSION = YES_AGGRESSIVE;
				CLANG_CXX_LANGUAGE_STANDARD = "gnu++14";
				CLANG_CXX_LIBRARY = "libc++";
				CLANG_ENABLE_MODULES = YES;
				CLANG_ENABLE_OBJC_ARC = YES;
				CLANG_ENABLE_OBJC_WEAK = YES;
				CLANG_WARN_BLOCK_CAPTURE_AUTORELEASING = YES;
				CLANG_WARN_BOOL_CONVERSION = YES;
				CLANG_WARN_COMMA = YES;
				CLANG_WARN_CONSTANT_CONVERSION = YES;
				CLANG_WARN_DEPRECATED_OBJC_IMPLEMENTATIONS = YES;
				CLANG_WARN_DIRECT_OBJC_ISA_USAGE = YES_ERROR;
				CLANG_WARN_DOCUMENTATION_COMMENTS = YES;
				CLANG_WARN_EMPTY_BODY = YES;
				CLANG_WARN_ENUM_CONVERSION = YES;
				CLANG_WARN_INFINITE_RECURSION = YES;
				CLANG_WARN_INT_CONVERSION = YES;
				CLANG_WARN_NON_LITERAL_NULL_CONVERSION = YES;
				CLANG_WARN_OBJC_IMPLICIT_RETAIN_SELF = YES;
				CLANG_WARN_OBJC_LITERAL_CONVERSION = YES;
				CLANG_WARN_OBJC_ROOT_CLASS = YES_ERROR;
				CLANG_WARN_RANGE_LOOP_ANALYSIS = YES;
				CLANG_WARN_STRICT_PROTOTYPES = YES;
				CLANG_WARN_SUSPICIOUS_MOVE = YES;
				CLANG_WARN_UNGUARDED_AVAILABILITY = YES_AGGRESSIVE;
				CLANG_WARN_UNREACHABLE_CODE = YES;
				CLANG_WARN__DUPLICATE_METHOD_MATCH = YES;
				COPY_PHASE_STRIP = NO;
				DEBUG_INFORMATION_FORMAT = dwarf;
				ENABLE_STRICT_OBJC_MSGSEND = YES;
				ENABLE_TESTABILITY = YES;
				GCC_C_LANGUAGE_STANDARD = gnu11;
				GCC_DYNAMIC_NO_PIC = NO;
				GCC_NO_COMMON_BLOCKS = YES;
				GCC_OPTIMIZATION_LEVEL = 0;
				GCC_PREPROCESSOR_DEFINITIONS = (
					"DEBUG=1",
					"$(inherited)",
				);
				GCC_WARN_64_TO_32_BIT_CONVERSION = YES;
				GCC_WARN_ABOUT_RETURN_TYPE = YES_ERROR;
				GCC_WARN_UNDECLARED_SELECTOR = YES;
				GCC_WARN_UNINITIALIZED_AUTOS = YES_AGGRESSIVE;
				GCC_WARN_UNUSED_FUNCTION = YES;
				GCC_WARN_UNUSED_VARIABLE = YES;
				IPHONEOS_DEPLOYMENT_TARGET = 13.7;
				MTL_ENABLE_DEBUG_INFO = INCLUDE_SOURCE;
				MTL_FAST_MATH = YES;
				ONLY_ACTIVE_ARCH = YES;
				SDKROOT = iphoneos;
				SWIFT_ACTIVE_COMPILATION_CONDITIONS = DEBUG;
				SWIFT_OPTIMIZATION_LEVEL = "-Onone";
			};
			name = Debug;
		};
		17BAFE21251063C7001A4C85 /* Release */ = {
			isa = XCBuildConfiguration;
			buildSettings = {
				ALWAYS_SEARCH_USER_PATHS = NO;
				CLANG_ANALYZER_LOCALIZABILITY_NONLOCALIZED = YES;
				CLANG_ANALYZER_NONNULL = YES;
				CLANG_ANALYZER_NUMBER_OBJECT_CONVERSION = YES_AGGRESSIVE;
				CLANG_CXX_LANGUAGE_STANDARD = "gnu++14";
				CLANG_CXX_LIBRARY = "libc++";
				CLANG_ENABLE_MODULES = YES;
				CLANG_ENABLE_OBJC_ARC = YES;
				CLANG_ENABLE_OBJC_WEAK = YES;
				CLANG_WARN_BLOCK_CAPTURE_AUTORELEASING = YES;
				CLANG_WARN_BOOL_CONVERSION = YES;
				CLANG_WARN_COMMA = YES;
				CLANG_WARN_CONSTANT_CONVERSION = YES;
				CLANG_WARN_DEPRECATED_OBJC_IMPLEMENTATIONS = YES;
				CLANG_WARN_DIRECT_OBJC_ISA_USAGE = YES_ERROR;
				CLANG_WARN_DOCUMENTATION_COMMENTS = YES;
				CLANG_WARN_EMPTY_BODY = YES;
				CLANG_WARN_ENUM_CONVERSION = YES;
				CLANG_WARN_INFINITE_RECURSION = YES;
				CLANG_WARN_INT_CONVERSION = YES;
				CLANG_WARN_NON_LITERAL_NULL_CONVERSION = YES;
				CLANG_WARN_OBJC_IMPLICIT_RETAIN_SELF = YES;
				CLANG_WARN_OBJC_LITERAL_CONVERSION = YES;
				CLANG_WARN_OBJC_ROOT_CLASS = YES_ERROR;
				CLANG_WARN_RANGE_LOOP_ANALYSIS = YES;
				CLANG_WARN_STRICT_PROTOTYPES = YES;
				CLANG_WARN_SUSPICIOUS_MOVE = YES;
				CLANG_WARN_UNGUARDED_AVAILABILITY = YES_AGGRESSIVE;
				CLANG_WARN_UNREACHABLE_CODE = YES;
				CLANG_WARN__DUPLICATE_METHOD_MATCH = YES;
				COPY_PHASE_STRIP = NO;
				DEBUG_INFORMATION_FORMAT = "dwarf-with-dsym";
				ENABLE_NS_ASSERTIONS = NO;
				ENABLE_STRICT_OBJC_MSGSEND = YES;
				GCC_C_LANGUAGE_STANDARD = gnu11;
				GCC_NO_COMMON_BLOCKS = YES;
				GCC_WARN_64_TO_32_BIT_CONVERSION = YES;
				GCC_WARN_ABOUT_RETURN_TYPE = YES_ERROR;
				GCC_WARN_UNDECLARED_SELECTOR = YES;
				GCC_WARN_UNINITIALIZED_AUTOS = YES_AGGRESSIVE;
				GCC_WARN_UNUSED_FUNCTION = YES;
				GCC_WARN_UNUSED_VARIABLE = YES;
				IPHONEOS_DEPLOYMENT_TARGET = 13.7;
				MTL_ENABLE_DEBUG_INFO = NO;
				MTL_FAST_MATH = YES;
				SDKROOT = iphoneos;
				SWIFT_COMPILATION_MODE = wholemodule;
				SWIFT_OPTIMIZATION_LEVEL = "-O";
				VALIDATE_PRODUCT = YES;
			};
			name = Release;
		};
		17BAFE23251063C7001A4C85 /* Debug */ = {
			isa = XCBuildConfiguration;
			baseConfigurationReference = 43A62C880DD43114BBB3935D /* Pods-CoreAnimate.debug.xcconfig */;
			buildSettings = {
				ASSETCATALOG_COMPILER_APPICON_NAME = AppIcon;
				CLANG_ENABLE_MODULES = YES;
				CODE_SIGN_STYLE = Automatic;
				DEVELOPMENT_TEAM = Q6B4M6E2E6;
				INFOPLIST_FILE = "$(SRCROOT)/CoreAnimate/Other/Info.plist";
				IPHONEOS_DEPLOYMENT_TARGET = 10.0;
				LD_RUNPATH_SEARCH_PATHS = (
					"$(inherited)",
					"@executable_path/Frameworks",
				);
				PRODUCT_BUNDLE_IDENTIFIER = com.zheyang.www.CoreAnimate;
				PRODUCT_NAME = "$(TARGET_NAME)";
				SWIFT_OBJC_BRIDGING_HEADER = "";
				SWIFT_OPTIMIZATION_LEVEL = "-Onone";
				SWIFT_VERSION = 5.0;
				TARGETED_DEVICE_FAMILY = "1,2";
			};
			name = Debug;
		};
		17BAFE24251063C7001A4C85 /* Release */ = {
			isa = XCBuildConfiguration;
			baseConfigurationReference = 4B69C3A1401F9FE0B4A1A347 /* Pods-CoreAnimate.release.xcconfig */;
			buildSettings = {
				ASSETCATALOG_COMPILER_APPICON_NAME = AppIcon;
				CLANG_ENABLE_MODULES = YES;
				CODE_SIGN_STYLE = Automatic;
				DEVELOPMENT_TEAM = Q6B4M6E2E6;
				INFOPLIST_FILE = "$(SRCROOT)/CoreAnimate/Other/Info.plist";
				IPHONEOS_DEPLOYMENT_TARGET = 10.0;
				LD_RUNPATH_SEARCH_PATHS = (
					"$(inherited)",
					"@executable_path/Frameworks",
				);
				PRODUCT_BUNDLE_IDENTIFIER = com.zheyang.www.CoreAnimate;
				PRODUCT_NAME = "$(TARGET_NAME)";
				SWIFT_OBJC_BRIDGING_HEADER = "";
				SWIFT_VERSION = 5.0;
				TARGETED_DEVICE_FAMILY = "1,2";
			};
			name = Release;
		};
/* End XCBuildConfiguration section */

/* Begin XCConfigurationList section */
		17BAFE09251063C6001A4C85 /* Build configuration list for PBXProject "CoreAnimate" */ = {
			isa = XCConfigurationList;
			buildConfigurations = (
				17BAFE20251063C7001A4C85 /* Debug */,
				17BAFE21251063C7001A4C85 /* Release */,
			);
			defaultConfigurationIsVisible = 0;
			defaultConfigurationName = Release;
		};
		17BAFE22251063C7001A4C85 /* Build configuration list for PBXNativeTarget "CoreAnimate" */ = {
			isa = XCConfigurationList;
			buildConfigurations = (
				17BAFE23251063C7001A4C85 /* Debug */,
				17BAFE24251063C7001A4C85 /* Release */,
			);
			defaultConfigurationIsVisible = 0;
			defaultConfigurationName = Release;
		};
/* End XCConfigurationList section */
	};
	rootObject = 17BAFE06251063C6001A4C85 /* Project object */;
}
